
Microsoft Visual Studio Solution File, Format Version 12.00
# Visual Studio 14
VisualStudioVersion = 14.0.24720.0
MinimumVisualStudioVersion = 10.0.40219.1
Project("{FAE04EC0-301F-11D3-BF4B-00C04F79EFBC}") = "MVC with bootstrap", "MVC with bootstrap\MVC with bootstrap.csproj", "{327EA710-47E6-43C6-A8D7-E528A6505789}"
EndProject
Global
	GlobalSection(SolutionConfigurationPlatforms) = preSolution
		Debug|Any CPU = Debug|Any CPU
		Release|Any CPU = Release|Any CPU
	EndGlobalSection
	GlobalSection(ProjectConfigurationPlatforms) = postSolution
		{327EA710-47E6-43C6-A8D7-E528A6505789}.Debug|Any CPU.ActiveCfg = Debug|Any CPU
		{327EA710-47E6-43C6-A8D7-E528A6505789}.Debug|Any CPU.Build.0 = Debug|Any CPU
		{327EA710-47E6-43C6-A8D7-E528A6505789}.Release|Any CPU.ActiveCfg = Release|Any CPU
		{327EA710-47E6-43C6-A8D7-E528A6505789}.Release|Any CPU.Build.0 = Release|Any CPU
	EndGlobalSection
	GlobalSection(SolutionProperties) = preSolution
		HideSolutionNode = FALSE
	EndGlobalSection
EndGlobal
